
Microsoft Visual Studio Solution File, Format Version 12.00
# Visual Studio Version 17
VisualStudioVersion = 17.2.32602.215
MinimumVisualStudioVersion = 10.0.40219.1
Project("{9A19103F-16F7-4668-BE54-9A1E7A4F7556}") = "Microsoft.ALTA", "Microsoft.ALTA\Microsoft.ALTA.csproj", "{FF26E48C-25BC-459F-A7F0-B2822DC889B2}"
EndProject
Global
	GlobalSection(SolutionConfigurationPlatforms) = preSolution
		Debug|Any CPU = Debug|Any CPU
		Release|Any CPU = Release|Any CPU
	EndGlobalSection
	GlobalSection(ProjectConfigurationPlatforms) = postSolution
		{FF26E48C-25BC-459F-A7F0-B2822DC889B2}.Debug|Any CPU.ActiveCfg = Debug|Any CPU
		{FF26E48C-25BC-459F-A7F0-B2822DC889B2}.Debug|Any CPU.Build.0 = Debug|Any CPU
		{FF26E48C-25BC-459F-A7F0-B2822DC889B2}.Release|Any CPU.ActiveCfg = Release|Any CPU
		{FF26E48C-25BC-459F-A7F0-B2822DC889B2}.Release|Any CPU.Build.0 = Release|Any CPU
	EndGlobalSection
	GlobalSection(SolutionProperties) = preSolution
		HideSolutionNode = FALSE
	EndGlobalSection
	GlobalSection(ExtensibilityGlobals) = postSolution
		SolutionGuid = {A6ECAE1A-9FB1-430A-9541-E56F0917C180}
	EndGlobalSection
EndGlobal
